# THIS IS AN AUTOGENERATED FILE. DO NOT EDIT THIS FILE DIRECTLY.
# yarn lockfile v1
async-to-gen@1.3.0:
  version "1.3.0"
  resolved "https://registry.yarnpkg.com/async-to-gen/-/async-to-gen-1.3.0.tgz#ec1ab301ca5881de64e8ad654cd96bfd5fcc4366"
  dependencies:
    babylon "^6.14.0"
    magic-string "^0.19.0"

babylon@^6.14.0:
  version "6.18.0"
  resolved "https://registry.yarnpkg.com/babylon/-/babylon-6.18.0.tgz#af2f3b88fa6f5c1e4c634d1a0f8eac4f55b395e3"

bytes@2.4.0:
  version "2.4.0"
  resolved "https://registry.yarnpkg.com/bytes/-/bytes-2.4.0.tgz#7d97196f9d5baf7f6935e25985549edd2a6c2339"

chroma-js@^1.2.1:
  version "1.3.6"
  resolved "https://registry.yarnpkg.com/chroma-js/-/chroma-js-1.3.6.tgz#22dd7220ef6b55dcfcb8ef92982baaf55dced45d"

iconv-lite@0.4.15:
  version "0.4.15"
  resolved "https://registry.yarnpkg.com/iconv-lite/-/iconv-lite-0.4.15.tgz#fe265a218ac6a57cfe854927e9d04c19825eddeb"

is-async-supported@1.2.0:
  version "1.2.0"
  resolved "https://registry.yarnpkg.com/is-async-supported/-/is-async-supported-1.2.0.tgz#20d58ac4d6707eb1cb3712dd38480c0536f27c07"

isstream@0.1.2:
  version "0.1.2"
  resolved "https://registry.yarnpkg.com/isstream/-/isstream-0.1.2.tgz#47e63f7af55afa6f92e1500e690eb8b8529c099a"

js-tokens@^3.0.0:
  version "3.0.2"
  resolved "https://registry.yarnpkg.com/js-tokens/-/js-tokens-3.0.2.tgz#9866df395102130e38f7f996bceb65443209c25b"

lodash:
  version "4.17.5"
  resolved "https://registry.yarnpkg.com/lodash/-/lodash-4.17.5.tgz#99a92d65c0272debe8c96b6057bc8fbfa3bed511"

loose-envify@^1.0.0:
  version "1.3.1"
  resolved "https://registry.yarnpkg.com/loose-envify/-/loose-envify-1.3.1.tgz#d1a8ad33fa9ce0e713d65fdd0ac8b748d478c848"
  dependencies:
    js-tokens "^3.0.0"

magic-string@^0.19.0:
  version "0.19.1"
  resolved "https://registry.yarnpkg.com/magic-string/-/magic-string-0.19.1.tgz#14d768013caf2ec8fdea16a49af82fc377e75201"
  dependencies:
    vlq "^0.2.1"

media-typer@0.3.0:
  version "0.3.0"
  resolved "https://registry.yarnpkg.com/media-typer/-/media-typer-0.3.0.tgz#8710d7af0aa626f8fffa1ce00168545263255748"

micro@^6.1.0:
  version "6.2.1"
  resolved "https://registry.yarnpkg.com/micro/-/micro-6.2.1.tgz#064d9e807cf8d132a820efc2ace7bad8d03a5c54"
  dependencies:
    async-to-gen "1.3.0"
    is-async-supported "1.2.0"
    isstream "0.1.2"
    media-typer "0.3.0"
    minimist "1.2.0"
    raw-body "2.2.0"

minimist@1.2.0:
  version "1.2.0"
  resolved "https://registry.yarnpkg.com/minimist/-/minimist-1.2.0.tgz#a35008b20f41383eec1fb914f4cd5df79a264284"

palx:
  version "1.0.3"
  resolved "https://registry.yarnpkg.com/palx/-/palx-1.0.3.tgz#cb50b42475f249dbc66efc01942d938b025220c6"
  dependencies:
    chroma-js "^1.2.1"
    micro "^6.1.0"

raw-body@2.2.0:
  version "2.2.0"
  resolved "https://registry.yarnpkg.com/raw-body/-/raw-body-2.2.0.tgz#994976cf6a5096a41162840492f0bdc5d6e7fb96"
  dependencies:
    bytes "2.4.0"
    iconv-lite "0.4.15"
    unpipe "1.0.0"

unpipe@1.0.0:
  version "1.0.0"
  resolved "https://registry.yarnpkg.com/unpipe/-/unpipe-1.0.0.tgz#b2bf4ee8514aae6165b4817829d21b2ef49904ec"

vlq@^0.2.1:
  version "0.2.3"
  resolved "https://registry.yarnpkg.com/vlq/-/vlq-0.2.3.tgz#8f3e4328cf63b1540c0d67e1b2778386f8975b26"

warning:
  version "3.0.0"
  resolved "https://registry.yarnpkg.com/warning/-/warning-3.0.0.tgz#32e5377cb572de4ab04753bdf8821c01ed605b7c"
  dependencies:
    loose-envify "^1.0.0"

